
Microsoft Visual Studio Solution File, Format Version 12.00
# Visual Studio Version 17
VisualStudioVersion = 17.2.32630.192
MinimumVisualStudioVersion = 10.0.40219.1
Project("{8BC9CEB8-8B4A-11D0-8D11-00A0C91BC942}") = "VulkanPrintf", "VulkanPrintf.vcxproj", "{10A3DB66-5F04-48AC-B1BE-EEDEB578942C}"
EndProject
Global
	GlobalSection(SolutionConfigurationPlatforms) = preSolution
		Debug|x64 = Debug|x64
		Release|x64 = Release|x64
	EndGlobalSection
	GlobalSection(ProjectConfigurationPlatforms) = postSolution
		{10A3DB66-5F04-48AC-B1BE-EEDEB578942C}.Debug|x64.ActiveCfg = Debug|x64
		{10A3DB66-5F04-48AC-B1BE-EEDEB578942C}.Debug|x64.Build.0 = Debug|x64
		{10A3DB66-5F04-48AC-B1BE-EEDEB578942C}.Release|x64.ActiveCfg = Release|x64
		{10A3DB66-5F04-48AC-B1BE-EEDEB578942C}.Release|x64.Build.0 = Release|x64
	EndGlobalSection
	GlobalSection(SolutionProperties) = preSolution
		HideSolutionNode = FALSE
	EndGlobalSection
	GlobalSection(ExtensibilityGlobals) = postSolution
		SolutionGuid = {B331C8B9-757C-4517-89CD-0A72B2ECE60C}
	EndGlobalSection
EndGlobal
